# THIS IS AN AUTO-GENERATED FILE; DO NOT MODIFY!
# DO NOT EXCLUDE THIS FILE FROM THE VERSION CONTROL

service:
    name: log-printer
    registry: ghcr.io/petuhovskiy/chill-log-printer
    baseVersion: v1.0.0
    currentVersion: v1.0.1
    stage: development
    integration: go
    dependencies: {}
